{
  "requires": true,
  "lockfileVersion": 1,
  "dependencies": {
    "angular-in-memory-web-api": {
      "version": "0.7.0",
      "resolved": "https://registry.npmjs.org/angular-in-memory-web-api/-/angular-in-memory-web-api-0.7.0.tgz",
      "integrity": "sha512-l3Dnn+gDtXIC9RwgJ0Y/+Ka9C037JFAIl5kes6HlWju+135Wg2XxhGAqJoUCQoY5jeiyplSv46lr+W09ydkD6w=="
    }
  }
}
